
Microsoft Visual Studio Solution File, Format Version 12.00
# Visual Studio Version 17
VisualStudioVersion = 17.4.33205.214
MinimumVisualStudioVersion = 10.0.40219.1
Project("{FAE04EC0-301F-11D3-BF4B-00C04F79EFBC}") = "ConsoleApp3", "ConsoleApp3\ConsoleApp3.csproj", "{FE4A7875-B3C5-4AE5-A37E-12C1430700AE}"
EndProject
Project("{FAE04EC0-301F-11D3-BF4B-00C04F79EFBC}") = "ConsoleApp1", "ConsoleApp1\ConsoleApp1.csproj", "{AAC62BEC-82C1-4D7C-B4D0-FE2E3C35AE2E}"
EndProject
Global
	GlobalSection(SolutionConfigurationPlatforms) = preSolution
		Debug|Any CPU = Debug|Any CPU
		Release|Any CPU = Release|Any CPU
	EndGlobalSection
	GlobalSection(ProjectConfigurationPlatforms) = postSolution
		{FE4A7875-B3C5-4AE5-A37E-12C1430700AE}.Debug|Any CPU.ActiveCfg = Debug|Any CPU
		{FE4A7875-B3C5-4AE5-A37E-12C1430700AE}.Debug|Any CPU.Build.0 = Debug|Any CPU
		{FE4A7875-B3C5-4AE5-A37E-12C1430700AE}.Release|Any CPU.ActiveCfg = Release|Any CPU
		{FE4A7875-B3C5-4AE5-A37E-12C1430700AE}.Release|Any CPU.Build.0 = Release|Any CPU
		{AAC62BEC-82C1-4D7C-B4D0-FE2E3C35AE2E}.Debug|Any CPU.ActiveCfg = Debug|Any CPU
		{AAC62BEC-82C1-4D7C-B4D0-FE2E3C35AE2E}.Debug|Any CPU.Build.0 = Debug|Any CPU
		{AAC62BEC-82C1-4D7C-B4D0-FE2E3C35AE2E}.Release|Any CPU.ActiveCfg = Release|Any CPU
		{AAC62BEC-82C1-4D7C-B4D0-FE2E3C35AE2E}.Release|Any CPU.Build.0 = Release|Any CPU
	EndGlobalSection
	GlobalSection(SolutionProperties) = preSolution
		HideSolutionNode = FALSE
	EndGlobalSection
	GlobalSection(ExtensibilityGlobals) = postSolution
		SolutionGuid = {9EDE6E82-8A90-48A1-A0B8-2E68963CCB0D}
	EndGlobalSection
EndGlobal
